<Solution>
  <Folder Name="/Src/">
    <Project Path="CalculatorCode/CalculatorCode.csproj" />
    <Project Path="EvenOrOdd/EvenOrOdd.csproj" />
  </Folder>
  <Folder Name="/Test/">
    <Project Path="CalculatorTest/CalculatorTest.csproj" />
    <Project Path="EvenOrOddTest/EvenOrOddTest.csproj" />
  </Folder>
</Solution>
